
Microsoft Visual Studio Solution File, Format Version 11.00
# Visual Studio 2010
Project("{FAE04EC0-301F-11D3-BF4B-00C04F79EFBC}") = "TDViewTester", "TDViewTester\TDViewTester.csproj", "{6A5B3AF6-DDD5-4FAA-822C-15F522E3E491}"
EndProject
Global
	GlobalSection(TeamFoundationVersionControl) = preSolution
		SccNumberOfProjects = 2
		SccEnterpriseProvider = {4CA58AB2-18FA-4F8D-95D4-32DDF27D184C}
		SccTeamFoundationServer = http://dsp01gift:8080/tfs/rasc
		SccLocalPath0 = .
		SccProjectUniqueName1 = TDViewTester\\TDViewTester.csproj
		SccProjectName1 = TDViewTester
		SccLocalPath1 = TDViewTester
	EndGlobalSection
	GlobalSection(SolutionConfigurationPlatforms) = preSolution
		Debug|Any CPU = Debug|Any CPU
		Release|Any CPU = Release|Any CPU
	EndGlobalSection
	GlobalSection(ProjectConfigurationPlatforms) = postSolution
		{6A5B3AF6-DDD5-4FAA-822C-15F522E3E491}.Debug|Any CPU.ActiveCfg = Debug|Any CPU
		{6A5B3AF6-DDD5-4FAA-822C-15F522E3E491}.Debug|Any CPU.Build.0 = Debug|Any CPU
		{6A5B3AF6-DDD5-4FAA-822C-15F522E3E491}.Release|Any CPU.ActiveCfg = Release|Any CPU
		{6A5B3AF6-DDD5-4FAA-822C-15F522E3E491}.Release|Any CPU.Build.0 = Release|Any CPU
	EndGlobalSection
	GlobalSection(SolutionProperties) = preSolution
		HideSolutionNode = FALSE
	EndGlobalSection
EndGlobal
